
Microsoft Visual Studio Solution File, Format Version 12.00
# Visual Studio Version 17
VisualStudioVersion = 17.4.33213.308
MinimumVisualStudioVersion = 10.0.40219.1
Project("{FAE04EC0-301F-11D3-BF4B-00C04F79EFBC}") = "LR1", "LR1.csproj", "{3B1B6965-BE83-41B3-82E1-D433256968DE}"
EndProject
Global
	GlobalSection(SolutionConfigurationPlatforms) = preSolution
		Debug|Any CPU = Debug|Any CPU
		Release|Any CPU = Release|Any CPU
	EndGlobalSection
	GlobalSection(ProjectConfigurationPlatforms) = postSolution
		{3B1B6965-BE83-41B3-82E1-D433256968DE}.Debug|Any CPU.ActiveCfg = Debug|Any CPU
		{3B1B6965-BE83-41B3-82E1-D433256968DE}.Debug|Any CPU.Build.0 = Debug|Any CPU
		{3B1B6965-BE83-41B3-82E1-D433256968DE}.Release|Any CPU.ActiveCfg = Release|Any CPU
		{3B1B6965-BE83-41B3-82E1-D433256968DE}.Release|Any CPU.Build.0 = Release|Any CPU
	EndGlobalSection
	GlobalSection(SolutionProperties) = preSolution
		HideSolutionNode = FALSE
	EndGlobalSection
	GlobalSection(ExtensibilityGlobals) = postSolution
		SolutionGuid = {5CC0E8C2-989F-4118-8E04-4BD1A0072A23}
	EndGlobalSection
EndGlobal
