
Microsoft Visual Studio Solution File, Format Version 12.00
# Visual Studio Version 17
VisualStudioVersion = 17.4.33213.308
MinimumVisualStudioVersion = 10.0.40219.1
Project("{FAE04EC0-301F-11D3-BF4B-00C04F79EFBC}") = "LR9", "LR9.csproj", "{1967DDDC-B39B-4F7B-A474-AC4398F85178}"
EndProject
Global
	GlobalSection(SolutionConfigurationPlatforms) = preSolution
		Debug|Any CPU = Debug|Any CPU
		Release|Any CPU = Release|Any CPU
	EndGlobalSection
	GlobalSection(ProjectConfigurationPlatforms) = postSolution
		{1967DDDC-B39B-4F7B-A474-AC4398F85178}.Debug|Any CPU.ActiveCfg = Debug|Any CPU
		{1967DDDC-B39B-4F7B-A474-AC4398F85178}.Debug|Any CPU.Build.0 = Debug|Any CPU
		{1967DDDC-B39B-4F7B-A474-AC4398F85178}.Release|Any CPU.ActiveCfg = Release|Any CPU
		{1967DDDC-B39B-4F7B-A474-AC4398F85178}.Release|Any CPU.Build.0 = Release|Any CPU
	EndGlobalSection
	GlobalSection(SolutionProperties) = preSolution
		HideSolutionNode = FALSE
	EndGlobalSection
	GlobalSection(ExtensibilityGlobals) = postSolution
		SolutionGuid = {FD705D22-CF03-453F-BA7F-733174044CC5}
	EndGlobalSection
EndGlobal
