
Microsoft Visual Studio Solution File, Format Version 12.00
# Visual Studio Version 17
VisualStudioVersion = 17.4.33213.308
MinimumVisualStudioVersion = 10.0.40219.1
Project("{FAE04EC0-301F-11D3-BF4B-00C04F79EFBC}") = "LR3", "LR3.csproj", "{3014B784-CD7F-42B6-A097-2295B1438D6C}"
EndProject
Global
	GlobalSection(SolutionConfigurationPlatforms) = preSolution
		Debug|Any CPU = Debug|Any CPU
		Release|Any CPU = Release|Any CPU
	EndGlobalSection
	GlobalSection(ProjectConfigurationPlatforms) = postSolution
		{3014B784-CD7F-42B6-A097-2295B1438D6C}.Debug|Any CPU.ActiveCfg = Debug|Any CPU
		{3014B784-CD7F-42B6-A097-2295B1438D6C}.Debug|Any CPU.Build.0 = Debug|Any CPU
		{3014B784-CD7F-42B6-A097-2295B1438D6C}.Release|Any CPU.ActiveCfg = Release|Any CPU
		{3014B784-CD7F-42B6-A097-2295B1438D6C}.Release|Any CPU.Build.0 = Release|Any CPU
	EndGlobalSection
	GlobalSection(SolutionProperties) = preSolution
		HideSolutionNode = FALSE
	EndGlobalSection
	GlobalSection(ExtensibilityGlobals) = postSolution
		SolutionGuid = {09DDE66A-76D6-4E26-993C-764785C58526}
	EndGlobalSection
EndGlobal
